
Microsoft Visual Studio Solution File, Format Version 12.00
# Visual Studio Version 17
VisualStudioVersion = 17.11.35312.102
MinimumVisualStudioVersion = 10.0.40219.1
Project("{FAE04EC0-301F-11D3-BF4B-00C04F79EFBC}") = "UmbracoUserPublish", "UmbracoUserPublish.csproj", "{D01FAEC8-10A9-4C59-AC36-E677CC2F50CC}"
EndProject
Global
	GlobalSection(SolutionConfigurationPlatforms) = preSolution
		Debug|Any CPU = Debug|Any CPU
		Release|Any CPU = Release|Any CPU
	EndGlobalSection
	GlobalSection(ProjectConfigurationPlatforms) = postSolution
		{D01FAEC8-10A9-4C59-AC36-E677CC2F50CC}.Debug|Any CPU.ActiveCfg = Debug|Any CPU
		{D01FAEC8-10A9-4C59-AC36-E677CC2F50CC}.Debug|Any CPU.Build.0 = Debug|Any CPU
		{D01FAEC8-10A9-4C59-AC36-E677CC2F50CC}.Release|Any CPU.ActiveCfg = Release|Any CPU
		{D01FAEC8-10A9-4C59-AC36-E677CC2F50CC}.Release|Any CPU.Build.0 = Release|Any CPU
	EndGlobalSection
	GlobalSection(SolutionProperties) = preSolution
		HideSolutionNode = FALSE
	EndGlobalSection
	GlobalSection(ExtensibilityGlobals) = postSolution
		SolutionGuid = {894F6AD6-A235-4FAA-89DB-9B32CA46D396}
	EndGlobalSection
EndGlobal
